// !$*UTF8*$!
{
	archiveVersion = 1;
	classes = {
	};
	objectVersion = 46;
	objects = {

/* Begin PBXBuildFile section */
		CED38D10172ABC6900AE4845 /* UIKit.framework in Frameworks */ = {isa = PBXBuildFile; fileRef = CED38D0F172ABC6900AE4845 /* UIKit.framework */; };
		CED38D12172ABC6900AE4845 /* Foundation.framework in Frameworks */ = {isa = PBXBuildFile; fileRef = CED38D11172ABC6900AE4845 /* Foundation.framework */; };
		CED38D14172ABC6900AE4845 /* CoreGraphics.framework in Frameworks */ = {isa = PBXBuildFile; fileRef = CED38D13172ABC6900AE4845 /* CoreGraphics.framework */; };
		CED38D1A172ABC6900AE4845 /* InfoPlist.strings in Resources */ = {isa = PBXBuildFile; fileRef = CED38D18172ABC6900AE4845 /* InfoPlist.strings */; };
		CED38D1C172ABC6900AE4845 /* main.m in Sources */ = {isa = PBXBuildFile; fileRef = CED38D1B172ABC6900AE4845 /* main.m */; };
		CED38D20172ABC6900AE4845 /* AppDelegate.m in Sources */ = {isa = PBXBuildFile; fileRef = CED38D1F172ABC6900AE4845 /* AppDelegate.m */; };
		CED38D22172ABC6900AE4845 /* Default.png in Resources */ = {isa = PBXBuildFile; fileRef = CED38D21172ABC6900AE4845 /* Default.png */; };
		CED38D24172ABC6900AE4845 /* Default@2x.png in Resources */ = {isa = PBXBuildFile; fileRef = CED38D23172ABC6900AE4845 /* Default@2x.png */; };
		CED38D26172ABC6900AE4845 /* Default-568h@2x.png in Resources */ = {isa = PBXBuildFile; fileRef = CED38D25172ABC6900AE4845 /* Default-568h@2x.png */; };
		CED38D29172ABC6900AE4845 /* MainStoryboard_iPhone.storyboard in Resources */ = {isa = PBXBuildFile; fileRef = CED38D27172ABC6900AE4845 /* MainStoryboard_iPhone.storyboard */; };
		CED38D2C172ABC6900AE4845 /* MainStoryboard_iPad.storyboard in Resources */ = {isa = PBXBuildFile; fileRef = CED38D2A172ABC6900AE4845 /* MainStoryboard_iPad.storyboard */; };
		CED38D2F172ABC6900AE4845 /* ViewController.m in Sources */ = {isa = PBXBuildFile; fileRef = CED38D2E172ABC6900AE4845 /* ViewController.m */; };
		CED38D37172ABC6900AE4845 /* SenTestingKit.framework in Frameworks */ = {isa = PBXBuildFile; fileRef = CED38D36172ABC6900AE4845 /* SenTestingKit.framework */; };
		CED38D38172ABC6900AE4845 /* UIKit.framework in Frameworks */ = {isa = PBXBuildFile; fileRef = CED38D0F172ABC6900AE4845 /* UIKit.framework */; };
		CED38D39172ABC6900AE4845 /* Foundation.framework in Frameworks */ = {isa = PBXBuildFile; fileRef = CED38D11172ABC6900AE4845 /* Foundation.framework */; };
		CED38D41172ABC6900AE4845 /* InfoPlist.strings in Resources */ = {isa = PBXBuildFile; fileRef = CED38D3F172ABC6900AE4845 /* InfoPlist.strings */; };
		CED38D44172ABC6900AE4845 /* hello_worldTests.m in Sources */ = {isa = PBXBuildFile; fileRef = CED38D43172ABC6900AE4845 /* hello_worldTests.m */; };
		CED38EC1172C031E00AE4845 /* MapKit.framework in Frameworks */ = {isa = PBXBuildFile; fileRef = CED38EC0172C031E00AE4845 /* MapKit.framework */; };
		CED38EC3172C041E00AE4845 /* CoreLocation.framework in Frameworks */ = {isa = PBXBuildFile; fileRef = CED38EC2172C041E00AE4845 /* CoreLocation.framework */; };
		CED38ECA172C4F2D00AE4845 /* GetRoute.m in Sources */ = {isa = PBXBuildFile; fileRef = CED38EC9172C4F2D00AE4845 /* GetRoute.m */; };
		CED38EDF172CEA5400AE4845 /* AFHTTPClient.m in Sources */ = {isa = PBXBuildFile; fileRef = CED38ECD172CEA5400AE4845 /* AFHTTPClient.m */; };
		CED38EE0172CEA5400AE4845 /* AFHTTPRequestOperation.m in Sources */ = {isa = PBXBuildFile; fileRef = CED38ECF172CEA5400AE4845 /* AFHTTPRequestOperation.m */; };
		CED38EE1172CEA5400AE4845 /* AFImageRequestOperation.m in Sources */ = {isa = PBXBuildFile; fileRef = CED38ED1172CEA5400AE4845 /* AFImageRequestOperation.m */; };
		CED38EE2172CEA5400AE4845 /* AFJSONRequestOperation.m in Sources */ = {isa = PBXBuildFile; fileRef = CED38ED3172CEA5400AE4845 /* AFJSONRequestOperation.m */; };
		CED38EE3172CEA5400AE4845 /* AFNetworkActivityIndicatorManager.m in Sources */ = {isa = PBXBuildFile; fileRef = CED38ED5172CEA5400AE4845 /* AFNetworkActivityIndicatorManager.m */; };
		CED38EE4172CEA5400AE4845 /* AFPropertyListRequestOperation.m in Sources */ = {isa = PBXBuildFile; fileRef = CED38ED8172CEA5400AE4845 /* AFPropertyListRequestOperation.m */; };
		CED38EE5172CEA5400AE4845 /* AFURLConnectionOperation.m in Sources */ = {isa = PBXBuildFile; fileRef = CED38EDA172CEA5400AE4845 /* AFURLConnectionOperation.m */; };
		CED38EE6172CEA5400AE4845 /* AFXMLRequestOperation.m in Sources */ = {isa = PBXBuildFile; fileRef = CED38EDC172CEA5400AE4845 /* AFXMLRequestOperation.m */; };
		CED38EE7172CEA5400AE4845 /* UIImageView+AFNetworking.m in Sources */ = {isa = PBXBuildFile; fileRef = CED38EDE172CEA5400AE4845 /* UIImageView+AFNetworking.m */; };
/* End PBXBuildFile section */

/* Begin PBXContainerItemProxy section */
		CED38D3A172ABC6900AE4845 /* PBXContainerItemProxy */ = {
			isa = PBXContainerItemProxy;
			containerPortal = CED38D04172ABC6900AE4845 /* Project object */;
			proxyType = 1;
			remoteGlobalIDString = CED38D0B172ABC6900AE4845;
			remoteInfo = "hello-world";
		};
/* End PBXContainerItemProxy section */

/* Begin PBXFileReference section */
		CED38D0C172ABC6900AE4845 /* hello-world.app */ = {isa = PBXFileReference; explicitFileType = wrapper.application; includeInIndex = 0; path = "hello-world.app"; sourceTree = BUILT_PRODUCTS_DIR; };
		CED38D0F172ABC6900AE4845 /* UIKit.framework */ = {isa = PBXFileReference; lastKnownFileType = wrapper.framework; name = UIKit.framework; path = System/Library/Frameworks/UIKit.framework; sourceTree = SDKROOT; };
		CED38D11172ABC6900AE4845 /* Foundation.framework */ = {isa = PBXFileReference; lastKnownFileType = wrapper.framework; name = Foundation.framework; path = System/Library/Frameworks/Foundation.framework; sourceTree = SDKROOT; };
		CED38D13172ABC6900AE4845 /* CoreGraphics.framework */ = {isa = PBXFileReference; lastKnownFileType = wrapper.framework; name = CoreGraphics.framework; path = System/Library/Frameworks/CoreGraphics.framework; sourceTree = SDKROOT; };
		CED38D17172ABC6900AE4845 /* hello-world-Info.plist */ = {isa = PBXFileReference; lastKnownFileType = text.plist.xml; path = "hello-world-Info.plist"; sourceTree = "<group>"; };
		CED38D19172ABC6900AE4845 /* en */ = {isa = PBXFileReference; lastKnownFileType = text.plist.strings; name = en; path = en.lproj/InfoPlist.strings; sourceTree = "<group>"; };
		CED38D1B172ABC6900AE4845 /* main.m */ = {isa = PBXFileReference; lastKnownFileType = sourcecode.c.objc; path = main.m; sourceTree = "<group>"; };
		CED38D1D172ABC6900AE4845 /* hello-world-Prefix.pch */ = {isa = PBXFileReference; lastKnownFileType = sourcecode.c.h; path = "hello-world-Prefix.pch"; sourceTree = "<group>"; };
		CED38D1E172ABC6900AE4845 /* AppDelegate.h */ = {isa = PBXFileReference; lastKnownFileType = sourcecode.c.h; path = AppDelegate.h; sourceTree = "<group>"; };
		CED38D1F172ABC6900AE4845 /* AppDelegate.m */ = {isa = PBXFileReference; lastKnownFileType = sourcecode.c.objc; path = AppDelegate.m; sourceTree = "<group>"; };
		CED38D21172ABC6900AE4845 /* Default.png */ = {isa = PBXFileReference; lastKnownFileType = image.png; path = Default.png; sourceTree = "<group>"; };
		CED38D23172ABC6900AE4845 /* Default@2x.png */ = {isa = PBXFileReference; lastKnownFileType = image.png; path = "Default@2x.png"; sourceTree = "<group>"; };
		CED38D25172ABC6900AE4845 /* Default-568h@2x.png */ = {isa = PBXFileReference; lastKnownFileType = image.png; path = "Default-568h@2x.png"; sourceTree = "<group>"; };
		CED38D28172ABC6900AE4845 /* en */ = {isa = PBXFileReference; lastKnownFileType = file.storyboard; name = en; path = en.lproj/MainStoryboard_iPhone.storyboard; sourceTree = "<group>"; };
		CED38D2B172ABC6900AE4845 /* en */ = {isa = PBXFileReference; lastKnownFileType = file.storyboard; name = en; path = en.lproj/MainStoryboard_iPad.storyboard; sourceTree = "<group>"; };
		CED38D2D172ABC6900AE4845 /* ViewController.h */ = {isa = PBXFileReference; lastKnownFileType = sourcecode.c.h; path = ViewController.h; sourceTree = "<group>"; };
		CED38D2E172ABC6900AE4845 /* ViewController.m */ = {isa = PBXFileReference; lastKnownFileType = sourcecode.c.objc; path = ViewController.m; sourceTree = "<group>"; };
		CED38D35172ABC6900AE4845 /* hello-worldTests.octest */ = {isa = PBXFileReference; explicitFileType = wrapper.cfbundle; includeInIndex = 0; path = "hello-worldTests.octest"; sourceTree = BUILT_PRODUCTS_DIR; };
		CED38D36172ABC6900AE4845 /* SenTestingKit.framework */ = {isa = PBXFileReference; lastKnownFileType = wrapper.framework; name = SenTestingKit.framework; path = Library/Frameworks/SenTestingKit.framework; sourceTree = DEVELOPER_DIR; };
		CED38D3E172ABC6900AE4845 /* hello-worldTests-Info.plist */ = {isa = PBXFileReference; lastKnownFileType = text.plist.xml; path = "hello-worldTests-Info.plist"; sourceTree = "<group>"; };
		CED38D40172ABC6900AE4845 /* en */ = {isa = PBXFileReference; lastKnownFileType = text.plist.strings; name = en; path = en.lproj/InfoPlist.strings; sourceTree = "<group>"; };
		CED38D42172ABC6900AE4845 /* hello_worldTests.h */ = {isa = PBXFileReference; lastKnownFileType = sourcecode.c.h; path = hello_worldTests.h; sourceTree = "<group>"; };
		CED38D43172ABC6900AE4845 /* hello_worldTests.m */ = {isa = PBXFileReference; lastKnownFileType = sourcecode.c.objc; path = hello_worldTests.m; sourceTree = "<group>"; };
		CED38EC0172C031E00AE4845 /* MapKit.framework */ = {isa = PBXFileReference; lastKnownFileType = wrapper.framework; name = MapKit.framework; path = System/Library/Frameworks/MapKit.framework; sourceTree = SDKROOT; };
		CED38EC2172C041E00AE4845 /* CoreLocation.framework */ = {isa = PBXFileReference; lastKnownFileType = wrapper.framework; name = CoreLocation.framework; path = System/Library/Frameworks/CoreLocation.framework; sourceTree = SDKROOT; };
		CED38EC8172C4F2D00AE4845 /* GetRoute.h */ = {isa = PBXFileReference; fileEncoding = 4; lastKnownFileType = sourcecode.c.h; path = GetRoute.h; sourceTree = "<group>"; };
		CED38EC9172C4F2D00AE4845 /* GetRoute.m */ = {isa = PBXFileReference; fileEncoding = 4; lastKnownFileType = sourcecode.c.objc; path = GetRoute.m; sourceTree = "<group>"; };
		CED38ECC172CEA5400AE4845 /* AFHTTPClient.h */ = {isa = PBXFileReference; fileEncoding = 4; lastKnownFileType = sourcecode.c.h; path = AFHTTPClient.h; sourceTree = "<group>"; };
		CED38ECD172CEA5400AE4845 /* AFHTTPClient.m */ = {isa = PBXFileReference; fileEncoding = 4; lastKnownFileType = sourcecode.c.objc; path = AFHTTPClient.m; sourceTree = "<group>"; };
		CED38ECE172CEA5400AE4845 /* AFHTTPRequestOperation.h */ = {isa = PBXFileReference; fileEncoding = 4; lastKnownFileType = sourcecode.c.h; path = AFHTTPRequestOperation.h; sourceTree = "<group>"; };
		CED38ECF172CEA5400AE4845 /* AFHTTPRequestOperation.m */ = {isa = PBXFileReference; fileEncoding = 4; lastKnownFileType = sourcecode.c.objc; path = AFHTTPRequestOperation.m; sourceTree = "<group>"; };
		CED38ED0172CEA5400AE4845 /* AFImageRequestOperation.h */ = {isa = PBXFileReference; fileEncoding = 4; lastKnownFileType = sourcecode.c.h; path = AFImageRequestOperation.h; sourceTree = "<group>"; };
		CED38ED1172CEA5400AE4845 /* AFImageRequestOperation.m */ = {isa = PBXFileReference; fileEncoding = 4; lastKnownFileType = sourcecode.c.objc; path = AFImageRequestOperation.m; sourceTree = "<group>"; };
		CED38ED2172CEA5400AE4845 /* AFJSONRequestOperation.h */ = {isa = PBXFileReference; fileEncoding = 4; lastKnownFileType = sourcecode.c.h; path = AFJSONRequestOperation.h; sourceTree = "<group>"; };
		CED38ED3172CEA5400AE4845 /* AFJSONRequestOperation.m */ = {isa = PBXFileReference; fileEncoding = 4; lastKnownFileType = sourcecode.c.objc; path = AFJSONRequestOperation.m; sourceTree = "<group>"; };
		CED38ED4172CEA5400AE4845 /* AFNetworkActivityIndicatorManager.h */ = {isa = PBXFileReference; fileEncoding = 4; lastKnownFileType = sourcecode.c.h; path = AFNetworkActivityIndicatorManager.h; sourceTree = "<group>"; };
		CED38ED5172CEA5400AE4845 /* AFNetworkActivityIndicatorManager.m */ = {isa = PBXFileReference; fileEncoding = 4; lastKnownFileType = sourcecode.c.objc; path = AFNetworkActivityIndicatorManager.m; sourceTree = "<group>"; };
		CED38ED6172CEA5400AE4845 /* AFNetworking.h */ = {isa = PBXFileReference; fileEncoding = 4; lastKnownFileType = sourcecode.c.h; path = AFNetworking.h; sourceTree = "<group>"; };
		CED38ED7172CEA5400AE4845 /* AFPropertyListRequestOperation.h */ = {isa = PBXFileReference; fileEncoding = 4; lastKnownFileType = sourcecode.c.h; path = AFPropertyListRequestOperation.h; sourceTree = "<group>"; };
		CED38ED8172CEA5400AE4845 /* AFPropertyListRequestOperation.m */ = {isa = PBXFileReference; fileEncoding = 4; lastKnownFileType = sourcecode.c.objc; path = AFPropertyListRequestOperation.m; sourceTree = "<group>"; };
		CED38ED9172CEA5400AE4845 /* AFURLConnectionOperation.h */ = {isa = PBXFileReference; fileEncoding = 4; lastKnownFileType = sourcecode.c.h; path = AFURLConnectionOperation.h; sourceTree = "<group>"; };
		CED38EDA172CEA5400AE4845 /* AFURLConnectionOperation.m */ = {isa = PBXFileReference; fileEncoding = 4; lastKnownFileType = sourcecode.c.objc; path = AFURLConnectionOperation.m; sourceTree = "<group>"; };
		CED38EDB172CEA5400AE4845 /* AFXMLRequestOperation.h */ = {isa = PBXFileReference; fileEncoding = 4; lastKnownFileType = sourcecode.c.h; path = AFXMLRequestOperation.h; sourceTree = "<group>"; };
		CED38EDC172CEA5400AE4845 /* AFXMLRequestOperation.m */ = {isa = PBXFileReference; fileEncoding = 4; lastKnownFileType = sourcecode.c.objc; path = AFXMLRequestOperation.m; sourceTree = "<group>"; };
		CED38EDD172CEA5400AE4845 /* UIImageView+AFNetworking.h */ = {isa = PBXFileReference; fileEncoding = 4; lastKnownFileType = sourcecode.c.h; path = "UIImageView+AFNetworking.h"; sourceTree = "<group>"; };
		CED38EDE172CEA5400AE4845 /* UIImageView+AFNetworking.m */ = {isa = PBXFileReference; fileEncoding = 4; lastKnownFileType = sourcecode.c.objc; path = "UIImageView+AFNetworking.m"; sourceTree = "<group>"; };
/* End PBXFileReference section */

/* Begin PBXFrameworksBuildPhase section */
		CED38D09172ABC6900AE4845 /* Frameworks */ = {
			isa = PBXFrameworksBuildPhase;
			buildActionMask = 2147483647;
			files = (
				CED38D12172ABC6900AE4845 /* Foundation.framework in Frameworks */,
				CED38EC3172C041E00AE4845 /* CoreLocation.framework in Frameworks */,
				CED38EC1172C031E00AE4845 /* MapKit.framework in Frameworks */,
				CED38D10172ABC6900AE4845 /* UIKit.framework in Frameworks */,
				CED38D14172ABC6900AE4845 /* CoreGraphics.framework in Frameworks */,
			);
			runOnlyForDeploymentPostprocessing = 0;
		};
		CED38D31172ABC6900AE4845 /* Frameworks */ = {
			isa = PBXFrameworksBuildPhase;
			buildActionMask = 2147483647;
			files = (
				CED38D37172ABC6900AE4845 /* SenTestingKit.framework in Frameworks */,
				CED38D38172ABC6900AE4845 /* UIKit.framework in Frameworks */,
				CED38D39172ABC6900AE4845 /* Foundation.framework in Frameworks */,
			);
			runOnlyForDeploymentPostprocessing = 0;
		};
/* End PBXFrameworksBuildPhase section */

/* Begin PBXGroup section */
		CED38D03172ABC6900AE4845 = {
			isa = PBXGroup;
			children = (
				CED38EC2172C041E00AE4845 /* CoreLocation.framework */,
				CED38EC0172C031E00AE4845 /* MapKit.framework */,
				CED38D15172ABC6900AE4845 /* hello-world */,
				CED38D3C172ABC6900AE4845 /* hello-worldTests */,
				CED38D0E172ABC6900AE4845 /* Frameworks */,
				CED38D0D172ABC6900AE4845 /* Products */,
			);
			sourceTree = "<group>";
		};
		CED38D0D172ABC6900AE4845 /* Products */ = {
			isa = PBXGroup;
			children = (
				CED38D0C172ABC6900AE4845 /* hello-world.app */,
				CED38D35172ABC6900AE4845 /* hello-worldTests.octest */,
			);
			name = Products;
			sourceTree = "<group>";
		};
		CED38D0E172ABC6900AE4845 /* Frameworks */ = {
			isa = PBXGroup;
			children = (
				CED38D0F172ABC6900AE4845 /* UIKit.framework */,
				CED38D11172ABC6900AE4845 /* Foundation.framework */,
				CED38D13172ABC6900AE4845 /* CoreGraphics.framework */,
				CED38D36172ABC6900AE4845 /* SenTestingKit.framework */,
			);
			name = Frameworks;
			sourceTree = "<group>";
		};
		CED38D15172ABC6900AE4845 /* hello-world */ = {
			isa = PBXGroup;
			children = (
				CED38D1E172ABC6900AE4845 /* AppDelegate.h */,
				CED38D1F172ABC6900AE4845 /* AppDelegate.m */,
				CED38D27172ABC6900AE4845 /* MainStoryboard_iPhone.storyboard */,
				CED38D2A172ABC6900AE4845 /* MainStoryboard_iPad.storyboard */,
				CED38D2D172ABC6900AE4845 /* ViewController.h */,
				CED38D2E172ABC6900AE4845 /* ViewController.m */,
				CED38ECB172CEA5400AE4845 /* AFNetworking */,
				CED38D16172ABC6900AE4845 /* Supporting Files */,
				CED38EC8172C4F2D00AE4845 /* GetRoute.h */,
				CED38EC9172C4F2D00AE4845 /* GetRoute.m */,
			);
			path = "hello-world";
			sourceTree = "<group>";
		};
		CED38D16172ABC6900AE4845 /* Supporting Files */ = {
			isa = PBXGroup;
			children = (
				CED38D17172ABC6900AE4845 /* hello-world-Info.plist */,
				CED38D18172ABC6900AE4845 /* InfoPlist.strings */,
				CED38D1B172ABC6900AE4845 /* main.m */,
				CED38D1D172ABC6900AE4845 /* hello-world-Prefix.pch */,
				CED38D21172ABC6900AE4845 /* Default.png */,
				CED38D23172ABC6900AE4845 /* Default@2x.png */,
				CED38D25172ABC6900AE4845 /* Default-568h@2x.png */,
			);
			name = "Supporting Files";
			sourceTree = "<group>";
		};
		CED38D3C172ABC6900AE4845 /* hello-worldTests */ = {
			isa = PBXGroup;
			children = (
				CED38D42172ABC6900AE4845 /* hello_worldTests.h */,
				CED38D43172ABC6900AE4845 /* hello_worldTests.m */,
				CED38D3D172ABC6900AE4845 /* Supporting Files */,
			);
			path = "hello-worldTests";
			sourceTree = "<group>";
		};
		CED38D3D172ABC6900AE4845 /* Supporting Files */ = {
			isa = PBXGroup;
			children = (
				CED38D3E172ABC6900AE4845 /* hello-worldTests-Info.plist */,
				CED38D3F172ABC6900AE4845 /* InfoPlist.strings */,
			);
			name = "Supporting Files";
			sourceTree = "<group>";
		};
		CED38ECB172CEA5400AE4845 /* AFNetworking */ = {
			isa = PBXGroup;
			children = (
				CED38ECC172CEA5400AE4845 /* AFHTTPClient.h */,
				CED38ECD172CEA5400AE4845 /* AFHTTPClient.m */,
				CED38ECE172CEA5400AE4845 /* AFHTTPRequestOperation.h */,
				CED38ECF172CEA5400AE4845 /* AFHTTPRequestOperation.m */,
				CED38ED0172CEA5400AE4845 /* AFImageRequestOperation.h */,
				CED38ED1172CEA5400AE4845 /* AFImageRequestOperation.m */,
				CED38ED2172CEA5400AE4845 /* AFJSONRequestOperation.h */,
				CED38ED3172CEA5400AE4845 /* AFJSONRequestOperation.m */,
				CED38ED4172CEA5400AE4845 /* AFNetworkActivityIndicatorManager.h */,
				CED38ED5172CEA5400AE4845 /* AFNetworkActivityIndicatorManager.m */,
				CED38ED6172CEA5400AE4845 /* AFNetworking.h */,
				CED38ED7172CEA5400AE4845 /* AFPropertyListRequestOperation.h */,
				CED38ED8172CEA5400AE4845 /* AFPropertyListRequestOperation.m */,
				CED38ED9172CEA5400AE4845 /* AFURLConnectionOperation.h */,
				CED38EDA172CEA5400AE4845 /* AFURLConnectionOperation.m */,
				CED38EDB172CEA5400AE4845 /* AFXMLRequestOperation.h */,
				CED38EDC172CEA5400AE4845 /* AFXMLRequestOperation.m */,
				CED38EDD172CEA5400AE4845 /* UIImageView+AFNetworking.h */,
				CED38EDE172CEA5400AE4845 /* UIImageView+AFNetworking.m */,
			);
			path = AFNetworking;
			sourceTree = "<group>";
		};
/* End PBXGroup section */

/* Begin PBXNativeTarget section */
		CED38D0B172ABC6900AE4845 /* hello-world */ = {
			isa = PBXNativeTarget;
			buildConfigurationList = CED38D47172ABC6900AE4845 /* Build configuration list for PBXNativeTarget "hello-world" */;
			buildPhases = (
				CED38D08172ABC6900AE4845 /* Sources */,
				CED38D09172ABC6900AE4845 /* Frameworks */,
				CED38D0A172ABC6900AE4845 /* Resources */,
			);
			buildRules = (
			);
			dependencies = (
			);
			name = "hello-world";
			productName = "hello-world";
			productReference = CED38D0C172ABC6900AE4845 /* hello-world.app */;
			productType = "com.apple.product-type.application";
		};
		CED38D34172ABC6900AE4845 /* hello-worldTests */ = {
			isa = PBXNativeTarget;
			buildConfigurationList = CED38D4A172ABC6900AE4845 /* Build configuration list for PBXNativeTarget "hello-worldTests" */;
			buildPhases = (
				CED38D30172ABC6900AE4845 /* Sources */,
				CED38D31172ABC6900AE4845 /* Frameworks */,
				CED38D32172ABC6900AE4845 /* Resources */,
				CED38D33172ABC6900AE4845 /* ShellScript */,
			);
			buildRules = (
			);
			dependencies = (
				CED38D3B172ABC6900AE4845 /* PBXTargetDependency */,
			);
			name = "hello-worldTests";
			productName = "hello-worldTests";
			productReference = CED38D35172ABC6900AE4845 /* hello-worldTests.octest */;
			productType = "com.apple.product-type.bundle";
		};
/* End PBXNativeTarget section */

/* Begin PBXProject section */
		CED38D04172ABC6900AE4845 /* Project object */ = {
			isa = PBXProject;
			attributes = {
				LastUpgradeCheck = 0460;
				ORGANIZATIONNAME = "Maria&Shiran";
			};
			buildConfigurationList = CED38D07172ABC6900AE4845 /* Build configuration list for PBXProject "hello-world" */;
			compatibilityVersion = "Xcode 3.2";
			developmentRegion = English;
			hasScannedForEncodings = 0;
			knownRegions = (
				en,
			);
			mainGroup = CED38D03172ABC6900AE4845;
			productRefGroup = CED38D0D172ABC6900AE4845 /* Products */;
			projectDirPath = "";
			projectRoot = "";
			targets = (
				CED38D0B172ABC6900AE4845 /* hello-world */,
				CED38D34172ABC6900AE4845 /* hello-worldTests */,
			);
		};
/* End PBXProject section */

/* Begin PBXResourcesBuildPhase section */
		CED38D0A172ABC6900AE4845 /* Resources */ = {
			isa = PBXResourcesBuildPhase;
			buildActionMask = 2147483647;
			files = (
				CED38D1A172ABC6900AE4845 /* InfoPlist.strings in Resources */,
				CED38D22172ABC6900AE4845 /* Default.png in Resources */,
				CED38D24172ABC6900AE4845 /* Default@2x.png in Resources */,
				CED38D26172ABC6900AE4845 /* Default-568h@2x.png in Resources */,
				CED38D29172ABC6900AE4845 /* MainStoryboard_iPhone.storyboard in Resources */,
				CED38D2C172ABC6900AE4845 /* MainStoryboard_iPad.storyboard in Resources */,
			);
			runOnlyForDeploymentPostprocessing = 0;
		};
		CED38D32172ABC6900AE4845 /* Resources */ = {
			isa = PBXResourcesBuildPhase;
			buildActionMask = 2147483647;
			files = (
				CED38D41172ABC6900AE4845 /* InfoPlist.strings in Resources */,
			);
			runOnlyForDeploymentPostprocessing = 0;
		};
/* End PBXResourcesBuildPhase section */

/* Begin PBXShellScriptBuildPhase section */
		CED38D33172ABC6900AE4845 /* ShellScript */ = {
			isa = PBXShellScriptBuildPhase;
			buildActionMask = 2147483647;
			files = (
			);
			inputPaths = (
			);
			outputPaths = (
			);
			runOnlyForDeploymentPostprocessing = 0;
			shellPath = /bin/sh;
			shellScript = "# Run the unit tests in this test bundle.\n\"${SYSTEM_DEVELOPER_DIR}/Tools/RunUnitTests\"\n";
		};
/* End PBXShellScriptBuildPhase section */

/* Begin PBXSourcesBuildPhase section */
		CED38D08172ABC6900AE4845 /* Sources */ = {
			isa = PBXSourcesBuildPhase;
			buildActionMask = 2147483647;
			files = (
				CED38D1C172ABC6900AE4845 /* main.m in Sources */,
				CED38D20172ABC6900AE4845 /* AppDelegate.m in Sources */,
				CED38D2F172ABC6900AE4845 /* ViewController.m in Sources */,
				CED38ECA172C4F2D00AE4845 /* GetRoute.m in Sources */,
				CED38EDF172CEA5400AE4845 /* AFHTTPClient.m in Sources */,
				CED38EE0172CEA5400AE4845 /* AFHTTPRequestOperation.m in Sources */,
				CED38EE1172CEA5400AE4845 /* AFImageRequestOperation.m in Sources */,
				CED38EE2172CEA5400AE4845 /* AFJSONRequestOperation.m in Sources */,
				CED38EE3172CEA5400AE4845 /* AFNetworkActivityIndicatorManager.m in Sources */,
				CED38EE4172CEA5400AE4845 /* AFPropertyListRequestOperation.m in Sources */,
				CED38EE5172CEA5400AE4845 /* AFURLConnectionOperation.m in Sources */,
				CED38EE6172CEA5400AE4845 /* AFXMLRequestOperation.m in Sources */,
				CED38EE7172CEA5400AE4845 /* UIImageView+AFNetworking.m in Sources */,
			);
			runOnlyForDeploymentPostprocessing = 0;
		};
		CED38D30172ABC6900AE4845 /* Sources */ = {
			isa = PBXSourcesBuildPhase;
			buildActionMask = 2147483647;
			files = (
				CED38D44172ABC6900AE4845 /* hello_worldTests.m in Sources */,
			);
			runOnlyForDeploymentPostprocessing = 0;
		};
/* End PBXSourcesBuildPhase section */

/* Begin PBXTargetDependency section */
		CED38D3B172ABC6900AE4845 /* PBXTargetDependency */ = {
			isa = PBXTargetDependency;
			target = CED38D0B172ABC6900AE4845 /* hello-world */;
			targetProxy = CED38D3A172ABC6900AE4845 /* PBXContainerItemProxy */;
		};
/* End PBXTargetDependency section */

/* Begin PBXVariantGroup section */
		CED38D18172ABC6900AE4845 /* InfoPlist.strings */ = {
			isa = PBXVariantGroup;
			children = (
				CED38D19172ABC6900AE4845 /* en */,
			);
			name = InfoPlist.strings;
			sourceTree = "<group>";
		};
		CED38D27172ABC6900AE4845 /* MainStoryboard_iPhone.storyboard */ = {
			isa = PBXVariantGroup;
			children = (
				CED38D28172ABC6900AE4845 /* en */,
			);
			name = MainStoryboard_iPhone.storyboard;
			sourceTree = "<group>";
		};
		CED38D2A172ABC6900AE4845 /* MainStoryboard_iPad.storyboard */ = {
			isa = PBXVariantGroup;
			children = (
				CED38D2B172ABC6900AE4845 /* en */,
			);
			name = MainStoryboard_iPad.storyboard;
			sourceTree = "<group>";
		};
		CED38D3F172ABC6900AE4845 /* InfoPlist.strings */ = {
			isa = PBXVariantGroup;
			children = (
				CED38D40172ABC6900AE4845 /* en */,
			);
			name = InfoPlist.strings;
			sourceTree = "<group>";
		};
/* End PBXVariantGroup section */

/* Begin XCBuildConfiguration section */
		CED38D45172ABC6900AE4845 /* Debug */ = {
			isa = XCBuildConfiguration;
			buildSettings = {
				ALWAYS_SEARCH_USER_PATHS = NO;
				CLANG_CXX_LANGUAGE_STANDARD = "gnu++0x";
				CLANG_CXX_LIBRARY = "libc++";
				CLANG_ENABLE_OBJC_ARC = YES;
				CLANG_WARN_CONSTANT_CONVERSION = YES;
				CLANG_WARN_EMPTY_BODY = YES;
				CLANG_WARN_ENUM_CONVERSION = YES;
				CLANG_WARN_INT_CONVERSION = YES;
				CLANG_WARN__DUPLICATE_METHOD_MATCH = YES;
				"CODE_SIGN_IDENTITY[sdk=iphoneos*]" = "iPhone Developer";
				COPY_PHASE_STRIP = NO;
				GCC_C_LANGUAGE_STANDARD = gnu99;
				GCC_DYNAMIC_NO_PIC = NO;
				GCC_OPTIMIZATION_LEVEL = 0;
				GCC_PREPROCESSOR_DEFINITIONS = (
					"DEBUG=1",
					"$(inherited)",
				);
				GCC_SYMBOLS_PRIVATE_EXTERN = NO;
				GCC_WARN_ABOUT_RETURN_TYPE = YES;
				GCC_WARN_UNINITIALIZED_AUTOS = YES;
				GCC_WARN_UNUSED_VARIABLE = YES;
				IPHONEOS_DEPLOYMENT_TARGET = 6.1;
				ONLY_ACTIVE_ARCH = YES;
				OTHER_LDFLAGS = "-ObjC";
				SDKROOT = iphoneos;
				TARGETED_DEVICE_FAMILY = "1,2";
			};
			name = Debug;
		};
		CED38D46172ABC6900AE4845 /* Release */ = {
			isa = XCBuildConfiguration;
			buildSettings = {
				ALWAYS_SEARCH_USER_PATHS = NO;
				CLANG_CXX_LANGUAGE_STANDARD = "gnu++0x";
				CLANG_CXX_LIBRARY = "libc++";
				CLANG_ENABLE_OBJC_ARC = YES;
				CLANG_WARN_CONSTANT_CONVERSION = YES;
				CLANG_WARN_EMPTY_BODY = YES;
				CLANG_WARN_ENUM_CONVERSION = YES;
				CLANG_WARN_INT_CONVERSION = YES;
				CLANG_WARN__DUPLICATE_METHOD_MATCH = YES;
				"CODE_SIGN_IDENTITY[sdk=iphoneos*]" = "iPhone Developer";
				COPY_PHASE_STRIP = YES;
				GCC_C_LANGUAGE_STANDARD = gnu99;
				GCC_WARN_ABOUT_RETURN_TYPE = YES;
				GCC_WARN_UNINITIALIZED_AUTOS = YES;
				GCC_WARN_UNUSED_VARIABLE = YES;
				IPHONEOS_DEPLOYMENT_TARGET = 6.1;
				OTHER_CFLAGS = "-DNS_BLOCK_ASSERTIONS=1";
				OTHER_LDFLAGS = "-ObjC";
				SDKROOT = iphoneos;
				TARGETED_DEVICE_FAMILY = "1,2";
				VALIDATE_PRODUCT = YES;
			};
			name = Release;
		};
		CED38D48172ABC6900AE4845 /* Debug */ = {
			isa = XCBuildConfiguration;
			buildSettings = {
				FRAMEWORK_SEARCH_PATHS = (
					"$(inherited)",
					"\"$(SRCROOT)/GoogleMaps-iOS-1.2.2\"",
					"\"$(SRCROOT)/GoogleMaps-iOS-1.2.2/GoogleMapsSDKDemos\"",
				);
				GCC_PRECOMPILE_PREFIX_HEADER = YES;
				GCC_PREFIX_HEADER = "hello-world/hello-world-Prefix.pch";
				INFOPLIST_FILE = "hello-world/hello-world-Info.plist";
				PRODUCT_NAME = "$(TARGET_NAME)";
				WRAPPER_EXTENSION = app;
			};
			name = Debug;
		};
		CED38D49172ABC6900AE4845 /* Release */ = {
			isa = XCBuildConfiguration;
			buildSettings = {
				FRAMEWORK_SEARCH_PATHS = (
					"$(inherited)",
					"\"$(SRCROOT)/GoogleMaps-iOS-1.2.2\"",
					"\"$(SRCROOT)/GoogleMaps-iOS-1.2.2/GoogleMapsSDKDemos\"",
				);
				GCC_PRECOMPILE_PREFIX_HEADER = YES;
				GCC_PREFIX_HEADER = "hello-world/hello-world-Prefix.pch";
				INFOPLIST_FILE = "hello-world/hello-world-Info.plist";
				PRODUCT_NAME = "$(TARGET_NAME)";
				WRAPPER_EXTENSION = app;
			};
			name = Release;
		};
		CED38D4B172ABC6900AE4845 /* Debug */ = {
			isa = XCBuildConfiguration;
			buildSettings = {
				BUNDLE_LOADER = "$(BUILT_PRODUCTS_DIR)/hello-world.app/hello-world";
				FRAMEWORK_SEARCH_PATHS = (
					"\"$(SDKROOT)/Developer/Library/Frameworks\"",
					"\"$(DEVELOPER_LIBRARY_DIR)/Frameworks\"",
				);
				GCC_PRECOMPILE_PREFIX_HEADER = YES;
				GCC_PREFIX_HEADER = "hello-world/hello-world-Prefix.pch";
				INFOPLIST_FILE = "hello-worldTests/hello-worldTests-Info.plist";
				PRODUCT_NAME = "$(TARGET_NAME)";
				TEST_HOST = "$(BUNDLE_LOADER)";
				WRAPPER_EXTENSION = octest;
			};
			name = Debug;
		};
		CED38D4C172ABC6900AE4845 /* Release */ = {
			isa = XCBuildConfiguration;
			buildSettings = {
				BUNDLE_LOADER = "$(BUILT_PRODUCTS_DIR)/hello-world.app/hello-world";
				FRAMEWORK_SEARCH_PATHS = (
					"\"$(SDKROOT)/Developer/Library/Frameworks\"",
					"\"$(DEVELOPER_LIBRARY_DIR)/Frameworks\"",
				);
				GCC_PRECOMPILE_PREFIX_HEADER = YES;
				GCC_PREFIX_HEADER = "hello-world/hello-world-Prefix.pch";
				INFOPLIST_FILE = "hello-worldTests/hello-worldTests-Info.plist";
				PRODUCT_NAME = "$(TARGET_NAME)";
				TEST_HOST = "$(BUNDLE_LOADER)";
				WRAPPER_EXTENSION = octest;
			};
			name = Release;
		};
/* End XCBuildConfiguration section */

/* Begin XCConfigurationList section */
		CED38D07172ABC6900AE4845 /* Build configuration list for PBXProject "hello-world" */ = {
			isa = XCConfigurationList;
			buildConfigurations = (
				CED38D45172ABC6900AE4845 /* Debug */,
				CED38D46172ABC6900AE4845 /* Release */,
			);
			defaultConfigurationIsVisible = 0;
			defaultConfigurationName = Release;
		};
		CED38D47172ABC6900AE4845 /* Build configuration list for PBXNativeTarget "hello-world" */ = {
			isa = XCConfigurationList;
			buildConfigurations = (
				CED38D48172ABC6900AE4845 /* Debug */,
				CED38D49172ABC6900AE4845 /* Release */,
			);
			defaultConfigurationIsVisible = 0;
			defaultConfigurationName = Release;
		};
		CED38D4A172ABC6900AE4845 /* Build configuration list for PBXNativeTarget "hello-worldTests" */ = {
			isa = XCConfigurationList;
			buildConfigurations = (
				CED38D4B172ABC6900AE4845 /* Debug */,
				CED38D4C172ABC6900AE4845 /* Release */,
			);
			defaultConfigurationIsVisible = 0;
			defaultConfigurationName = Release;
		};
/* End XCConfigurationList section */
	};
	rootObject = CED38D04172ABC6900AE4845 /* Project object */;
}
